// !$*UTF8*$!
{
	archiveVersion = 1;
	classes = {
	};
	objectVersion = 46;
	objects = {

/* Begin PBXBuildFile section */
		70E1873E2EEE3124C32F04D2 /* Pods_Spotter.framework in Frameworks */ = {isa = PBXBuildFile; fileRef = 0787847EDBEFA39121D1C692 /* Pods_Spotter.framework */; };
		711753611E785577008A4884 /* LoginViewController.swift in Sources */ = {isa = PBXBuildFile; fileRef = 71B488051E6BC5F300338836 /* LoginViewController.swift */; };
		7149B3BB1EA8D62000A3A2CF /* Category.swift in Sources */ = {isa = PBXBuildFile; fileRef = 7149B3BA1EA8D62000A3A2CF /* Category.swift */; };
		7164A51C1E7D79DA0064E73B /* TodaysWorkoutTableVC.swift in Sources */ = {isa = PBXBuildFile; fileRef = 7164A51B1E7D79DA0064E73B /* TodaysWorkoutTableVC.swift */; };
		7164A51E1E7D7A780064E73B /* WorkoutPlans.swift in Sources */ = {isa = PBXBuildFile; fileRef = 7164A51D1E7D7A780064E73B /* WorkoutPlans.swift */; };
		7164A5201E7D8AC30064E73B /* WorkoutTableViewCell.swift in Sources */ = {isa = PBXBuildFile; fileRef = 7164A51F1E7D8AC30064E73B /* WorkoutTableViewCell.swift */; };
		7164A5231E7DC9A80064E73B /* TabBarViewController.swift in Sources */ = {isa = PBXBuildFile; fileRef = 7164A5221E7DC9A80064E73B /* TabBarViewController.swift */; };
		718185411EA64156005D1CD6 /* ChartData.swift in Sources */ = {isa = PBXBuildFile; fileRef = 718185401EA64156005D1CD6 /* ChartData.swift */; };
		71B487F01E65C5CF00338836 /* AppDelegate.swift in Sources */ = {isa = PBXBuildFile; fileRef = 71B487EF1E65C5CF00338836 /* AppDelegate.swift */; };
		71B487F51E65C5CF00338836 /* Main.storyboard in Resources */ = {isa = PBXBuildFile; fileRef = 71B487F31E65C5CF00338836 /* Main.storyboard */; };
		71B487F81E65C5CF00338836 /* Spotter.xcdatamodeld in Sources */ = {isa = PBXBuildFile; fileRef = 71B487F61E65C5CF00338836 /* Spotter.xcdatamodeld */; };
		71B487FA1E65C5CF00338836 /* Assets.xcassets in Resources */ = {isa = PBXBuildFile; fileRef = 71B487F91E65C5CF00338836 /* Assets.xcassets */; };
		71B487FD1E65C5CF00338836 /* LaunchScreen.storyboard in Resources */ = {isa = PBXBuildFile; fileRef = 71B487FB1E65C5CF00338836 /* LaunchScreen.storyboard */; };
		71B488081E6BC61F00338836 /* UltimateGoalViewController.swift in Sources */ = {isa = PBXBuildFile; fileRef = 71B488071E6BC61F00338836 /* UltimateGoalViewController.swift */; };
		71B4880B1E6BC64600338836 /* ActivityLevelViewController.swift in Sources */ = {isa = PBXBuildFile; fileRef = 71B4880A1E6BC64600338836 /* ActivityLevelViewController.swift */; };
		71B4880D1E6BC65700338836 /* MoreAboutYouViewController.swift in Sources */ = {isa = PBXBuildFile; fileRef = 71B4880C1E6BC65700338836 /* MoreAboutYouViewController.swift */; };
		71B4880F1E6BC66100338836 /* EvenMoreAboutYouViewController.swift in Sources */ = {isa = PBXBuildFile; fileRef = 71B4880E1E6BC66100338836 /* EvenMoreAboutYouViewController.swift */; };
		71B488111E6BC66E00338836 /* AccountInformationViewController.swift in Sources */ = {isa = PBXBuildFile; fileRef = 71B488101E6BC66E00338836 /* AccountInformationViewController.swift */; };
		71B488131E6BC67900338836 /* ForgotPasswordViewController.swift in Sources */ = {isa = PBXBuildFile; fileRef = 71B488121E6BC67900338836 /* ForgotPasswordViewController.swift */; };
		71C00AD61E92CD8A00CDBCE3 /* Exercise.swift in Sources */ = {isa = PBXBuildFile; fileRef = 71C00AD51E92CD8A00CDBCE3 /* Exercise.swift */; };
		71C00AD81E92D61200CDBCE3 /* ExerciseDetailsViewController.swift in Sources */ = {isa = PBXBuildFile; fileRef = 71C00AD71E92D61200CDBCE3 /* ExerciseDetailsViewController.swift */; };
		71C00AE11E9D010E00CDBCE3 /* SettingsTableViewController.swift in Sources */ = {isa = PBXBuildFile; fileRef = 71C00AE01E9D010E00CDBCE3 /* SettingsTableViewController.swift */; };
		71C00AE31E9D33CA00CDBCE3 /* Config.swift in Sources */ = {isa = PBXBuildFile; fileRef = 71C00AE21E9D33C900CDBCE3 /* Config.swift */; };
		71C00AE51E9D384500CDBCE3 /* Appearance.swift in Sources */ = {isa = PBXBuildFile; fileRef = 71C00AE41E9D384500CDBCE3 /* Appearance.swift */; };
		71C00AE91E9D437600CDBCE3 /* ExerciseHeaderTableViewCell.swift in Sources */ = {isa = PBXBuildFile; fileRef = 71C00AE81E9D437600CDBCE3 /* ExerciseHeaderTableViewCell.swift */; };
		71C00B2E1EA1019900CDBCE3 /* ProgressTableViewController.swift in Sources */ = {isa = PBXBuildFile; fileRef = 71C00B2D1EA1019900CDBCE3 /* ProgressTableViewController.swift */; };
		71C00E1B1EA14D2C00CDBCE3 /* Charts.framework in Frameworks */ = {isa = PBXBuildFile; fileRef = 71C00E181EA14D1400CDBCE3 /* Charts.framework */; };
		71C00E1C1EA14D2C00CDBCE3 /* Charts.framework in Embed Frameworks */ = {isa = PBXBuildFile; fileRef = 71C00E181EA14D1400CDBCE3 /* Charts.framework */; settings = {ATTRIBUTES = (CodeSignOnCopy, RemoveHeadersOnCopy, ); }; };
		71C00E201EA14E3300CDBCE3 /* ChartsViewController.swift in Sources */ = {isa = PBXBuildFile; fileRef = 71C00E1F1EA14E3300CDBCE3 /* ChartsViewController.swift */; };
/* End PBXBuildFile section */

/* Begin PBXContainerItemProxy section */
		71C00E171EA14D1400CDBCE3 /* PBXContainerItemProxy */ = {
			isa = PBXContainerItemProxy;
			containerPortal = 71C00E121EA14D1400CDBCE3 /* Charts.xcodeproj */;
			proxyType = 2;
			remoteGlobalIDString = 06165F241D8110E600722320;
			remoteInfo = Charts;
		};
		71C00E191EA14D1400CDBCE3 /* PBXContainerItemProxy */ = {
			isa = PBXContainerItemProxy;
			containerPortal = 71C00E121EA14D1400CDBCE3 /* Charts.xcodeproj */;
			proxyType = 2;
			remoteGlobalIDString = 06165F2E1D8110E600722320;
			remoteInfo = ChartsTests;
		};
		71C00E1D1EA14D2C00CDBCE3 /* PBXContainerItemProxy */ = {
			isa = PBXContainerItemProxy;
			containerPortal = 71C00E121EA14D1400CDBCE3 /* Charts.xcodeproj */;
			proxyType = 1;
			remoteGlobalIDString = 06165F231D8110E600722320;
			remoteInfo = Charts;
		};
/* End PBXContainerItemProxy section */

/* Begin PBXCopyFilesBuildPhase section */
		71C00E111EA1489E00CDBCE3 /* Embed Frameworks */ = {
			isa = PBXCopyFilesBuildPhase;
			buildActionMask = 2147483647;
			dstPath = "";
			dstSubfolderSpec = 10;
			files = (
				71C00E1C1EA14D2C00CDBCE3 /* Charts.framework in Embed Frameworks */,
			);
			name = "Embed Frameworks";
			runOnlyForDeploymentPostprocessing = 0;
		};
/* End PBXCopyFilesBuildPhase section */

/* Begin PBXFileReference section */
		0787847EDBEFA39121D1C692 /* Pods_Spotter.framework */ = {isa = PBXFileReference; explicitFileType = wrapper.framework; includeInIndex = 0; path = Pods_Spotter.framework; sourceTree = BUILT_PRODUCTS_DIR; };
		200FFBE83EC6266753E05B12 /* Pods-Spotter.debug.xcconfig */ = {isa = PBXFileReference; includeInIndex = 1; lastKnownFileType = text.xcconfig; name = "Pods-Spotter.debug.xcconfig"; path = "Pods/Target Support Files/Pods-Spotter/Pods-Spotter.debug.xcconfig"; sourceTree = "<group>"; };
		7149B3BA1EA8D62000A3A2CF /* Category.swift */ = {isa = PBXFileReference; fileEncoding = 4; lastKnownFileType = sourcecode.swift; path = Category.swift; sourceTree = "<group>"; };
		7164A51B1E7D79DA0064E73B /* TodaysWorkoutTableVC.swift */ = {isa = PBXFileReference; fileEncoding = 4; lastKnownFileType = sourcecode.swift; path = TodaysWorkoutTableVC.swift; sourceTree = "<group>"; };
		7164A51D1E7D7A780064E73B /* WorkoutPlans.swift */ = {isa = PBXFileReference; fileEncoding = 4; lastKnownFileType = sourcecode.swift; path = WorkoutPlans.swift; sourceTree = "<group>"; };
		7164A51F1E7D8AC30064E73B /* WorkoutTableViewCell.swift */ = {isa = PBXFileReference; fileEncoding = 4; lastKnownFileType = sourcecode.swift; path = WorkoutTableViewCell.swift; sourceTree = "<group>"; };
		7164A5221E7DC9A80064E73B /* TabBarViewController.swift */ = {isa = PBXFileReference; fileEncoding = 4; lastKnownFileType = sourcecode.swift; path = TabBarViewController.swift; sourceTree = "<group>"; };
		718185401EA64156005D1CD6 /* ChartData.swift */ = {isa = PBXFileReference; fileEncoding = 4; lastKnownFileType = sourcecode.swift; path = ChartData.swift; sourceTree = "<group>"; };
		71B487EC1E65C5CE00338836 /* Spotter.app */ = {isa = PBXFileReference; explicitFileType = wrapper.application; includeInIndex = 0; path = Spotter.app; sourceTree = BUILT_PRODUCTS_DIR; };
		71B487EF1E65C5CF00338836 /* AppDelegate.swift */ = {isa = PBXFileReference; lastKnownFileType = sourcecode.swift; path = AppDelegate.swift; sourceTree = "<group>"; };
		71B487F41E65C5CF00338836 /* Base */ = {isa = PBXFileReference; lastKnownFileType = file.storyboard; name = Base; path = Base.lproj/Main.storyboard; sourceTree = "<group>"; };
		71B487F71E65C5CF00338836 /* Spotter.xcdatamodel */ = {isa = PBXFileReference; lastKnownFileType = wrapper.xcdatamodel; path = Spotter.xcdatamodel; sourceTree = "<group>"; };
		71B487F91E65C5CF00338836 /* Assets.xcassets */ = {isa = PBXFileReference; lastKnownFileType = folder.assetcatalog; path = Assets.xcassets; sourceTree = "<group>"; };
		71B487FC1E65C5CF00338836 /* Base */ = {isa = PBXFileReference; lastKnownFileType = file.storyboard; name = Base; path = Base.lproj/LaunchScreen.storyboard; sourceTree = "<group>"; };
		71B487FE1E65C5CF00338836 /* Info.plist */ = {isa = PBXFileReference; lastKnownFileType = text.plist.xml; path = Info.plist; sourceTree = "<group>"; };
		71B488051E6BC5F300338836 /* LoginViewController.swift */ = {isa = PBXFileReference; fileEncoding = 4; lastKnownFileType = sourcecode.swift; path = LoginViewController.swift; sourceTree = "<group>"; };
		71B488071E6BC61F00338836 /* UltimateGoalViewController.swift */ = {isa = PBXFileReference; fileEncoding = 4; lastKnownFileType = sourcecode.swift; path = UltimateGoalViewController.swift; sourceTree = "<group>"; };
		71B4880A1E6BC64600338836 /* ActivityLevelViewController.swift */ = {isa = PBXFileReference; fileEncoding = 4; lastKnownFileType = sourcecode.swift; path = ActivityLevelViewController.swift; sourceTree = "<group>"; };
		71B4880C1E6BC65700338836 /* MoreAboutYouViewController.swift */ = {isa = PBXFileReference; fileEncoding = 4; lastKnownFileType = sourcecode.swift; path = MoreAboutYouViewController.swift; sourceTree = "<group>"; };
		71B4880E1E6BC66100338836 /* EvenMoreAboutYouViewController.swift */ = {isa = PBXFileReference; fileEncoding = 4; lastKnownFileType = sourcecode.swift; path = EvenMoreAboutYouViewController.swift; sourceTree = "<group>"; };
		71B488101E6BC66E00338836 /* AccountInformationViewController.swift */ = {isa = PBXFileReference; fileEncoding = 4; lastKnownFileType = sourcecode.swift; path = AccountInformationViewController.swift; sourceTree = "<group>"; };
		71B488121E6BC67900338836 /* ForgotPasswordViewController.swift */ = {isa = PBXFileReference; fileEncoding = 4; lastKnownFileType = sourcecode.swift; path = ForgotPasswordViewController.swift; sourceTree = "<group>"; };
		71C00AD51E92CD8A00CDBCE3 /* Exercise.swift */ = {isa = PBXFileReference; fileEncoding = 4; lastKnownFileType = sourcecode.swift; path = Exercise.swift; sourceTree = "<group>"; };
		71C00AD71E92D61200CDBCE3 /* ExerciseDetailsViewController.swift */ = {isa = PBXFileReference; fileEncoding = 4; lastKnownFileType = sourcecode.swift; path = ExerciseDetailsViewController.swift; sourceTree = "<group>"; };
		71C00AE01E9D010E00CDBCE3 /* SettingsTableViewController.swift */ = {isa = PBXFileReference; fileEncoding = 4; lastKnownFileType = sourcecode.swift; path = SettingsTableViewController.swift; sourceTree = "<group>"; };
		71C00AE21E9D33C900CDBCE3 /* Config.swift */ = {isa = PBXFileReference; fileEncoding = 4; lastKnownFileType = sourcecode.swift; path = Config.swift; sourceTree = "<group>"; };
		71C00AE41E9D384500CDBCE3 /* Appearance.swift */ = {isa = PBXFileReference; fileEncoding = 4; lastKnownFileType = sourcecode.swift; path = Appearance.swift; sourceTree = "<group>"; };
		71C00AE81E9D437600CDBCE3 /* ExerciseHeaderTableViewCell.swift */ = {isa = PBXFileReference; fileEncoding = 4; lastKnownFileType = sourcecode.swift; path = ExerciseHeaderTableViewCell.swift; sourceTree = "<group>"; };
		71C00B2D1EA1019900CDBCE3 /* ProgressTableViewController.swift */ = {isa = PBXFileReference; fileEncoding = 4; lastKnownFileType = sourcecode.swift; path = ProgressTableViewController.swift; sourceTree = "<group>"; };
		71C00E121EA14D1400CDBCE3 /* Charts.xcodeproj */ = {isa = PBXFileReference; lastKnownFileType = "wrapper.pb-project"; name = Charts.xcodeproj; path = "../../../../../../../Downloads/Charts-master/Charts.xcodeproj"; sourceTree = "<group>"; };
		71C00E1F1EA14E3300CDBCE3 /* ChartsViewController.swift */ = {isa = PBXFileReference; fileEncoding = 4; lastKnownFileType = sourcecode.swift; path = ChartsViewController.swift; sourceTree = "<group>"; };
		BFF98BFA16AA7B77AC72DDF9 /* Pods-Spotter.release.xcconfig */ = {isa = PBXFileReference; includeInIndex = 1; lastKnownFileType = text.xcconfig; name = "Pods-Spotter.release.xcconfig"; path = "Pods/Target Support Files/Pods-Spotter/Pods-Spotter.release.xcconfig"; sourceTree = "<group>"; };
/* End PBXFileReference section */

/* Begin PBXFrameworksBuildPhase section */
		71B487E91E65C5CD00338836 /* Frameworks */ = {
			isa = PBXFrameworksBuildPhase;
			buildActionMask = 2147483647;
			files = (
				71C00E1B1EA14D2C00CDBCE3 /* Charts.framework in Frameworks */,
				70E1873E2EEE3124C32F04D2 /* Pods_Spotter.framework in Frameworks */,
			);
			runOnlyForDeploymentPostprocessing = 0;
		};
/* End PBXFrameworksBuildPhase section */

/* Begin PBXGroup section */
		69F37136B2331764F75181BB /* Frameworks */ = {
			isa = PBXGroup;
			children = (
				0787847EDBEFA39121D1C692 /* Pods_Spotter.framework */,
			);
			name = Frameworks;
			sourceTree = "<group>";
		};
		7164A5211E7D8AD10064E73B /* Today's Workout */ = {
			isa = PBXGroup;
			children = (
				7164A51B1E7D79DA0064E73B /* TodaysWorkoutTableVC.swift */,
				7164A5221E7DC9A80064E73B /* TabBarViewController.swift */,
				7164A51F1E7D8AC30064E73B /* WorkoutTableViewCell.swift */,
				7164A51D1E7D7A780064E73B /* WorkoutPlans.swift */,
				71C00AD71E92D61200CDBCE3 /* ExerciseDetailsViewController.swift */,
				71C00AD51E92CD8A00CDBCE3 /* Exercise.swift */,
			);
			name = "Today's Workout";
			sourceTree = "<group>";
		};
		71B487E31E65C5CD00338836 = {
			isa = PBXGroup;
			children = (
				71B487EE1E65C5CE00338836 /* Spotter */,
				71B487ED1E65C5CE00338836 /* Products */,
				D5F2268465483755BCC5E79E /* Pods */,
				69F37136B2331764F75181BB /* Frameworks */,
			);
			sourceTree = "<group>";
		};
		71B487ED1E65C5CE00338836 /* Products */ = {
			isa = PBXGroup;
			children = (
				71B487EC1E65C5CE00338836 /* Spotter.app */,
			);
			name = Products;
			sourceTree = "<group>";
		};
		71B487EE1E65C5CE00338836 /* Spotter */ = {
			isa = PBXGroup;
			children = (
				71B487F31E65C5CF00338836 /* Main.storyboard */,
				71C00B2F1EA101A100CDBCE3 /* Progress */,
				71B488121E6BC67900338836 /* ForgotPasswordViewController.swift */,
				71B488051E6BC5F300338836 /* LoginViewController.swift */,
				71C00ADF1E96A18D00CDBCE3 /* Settings */,
				7164A5211E7D8AD10064E73B /* Today's Workout */,
				71B488091E6BC62500338836 /* Sign Up */,
				71B487EF1E65C5CF00338836 /* AppDelegate.swift */,
				71B487F91E65C5CF00338836 /* Assets.xcassets */,
				71C00E121EA14D1400CDBCE3 /* Charts.xcodeproj */,
				71B487FB1E65C5CF00338836 /* LaunchScreen.storyboard */,
				71B487FE1E65C5CF00338836 /* Info.plist */,
				71B487F61E65C5CF00338836 /* Spotter.xcdatamodeld */,
			);
			path = Spotter;
			sourceTree = "<group>";
		};
		71B488091E6BC62500338836 /* Sign Up */ = {
			isa = PBXGroup;
			children = (
				71B488071E6BC61F00338836 /* UltimateGoalViewController.swift */,
				71B4880A1E6BC64600338836 /* ActivityLevelViewController.swift */,
				71B4880C1E6BC65700338836 /* MoreAboutYouViewController.swift */,
				71B4880E1E6BC66100338836 /* EvenMoreAboutYouViewController.swift */,
				71B488101E6BC66E00338836 /* AccountInformationViewController.swift */,
			);
			name = "Sign Up";
			sourceTree = "<group>";
		};
		71C00ADF1E96A18D00CDBCE3 /* Settings */ = {
			isa = PBXGroup;
			children = (
				71C00AE01E9D010E00CDBCE3 /* SettingsTableViewController.swift */,
				71C00AE21E9D33C900CDBCE3 /* Config.swift */,
				71C00AE41E9D384500CDBCE3 /* Appearance.swift */,
				71C00AE81E9D437600CDBCE3 /* ExerciseHeaderTableViewCell.swift */,
			);
			name = Settings;
			sourceTree = "<group>";
		};
		71C00B2F1EA101A100CDBCE3 /* Progress */ = {
			isa = PBXGroup;
			children = (
				71C00B2D1EA1019900CDBCE3 /* ProgressTableViewController.swift */,
				71C00E1F1EA14E3300CDBCE3 /* ChartsViewController.swift */,
				7149B3BA1EA8D62000A3A2CF /* Category.swift */,
				718185401EA64156005D1CD6 /* ChartData.swift */,
			);
			name = Progress;
			sourceTree = "<group>";
		};
		71C00E131EA14D1400CDBCE3 /* Products */ = {
			isa = PBXGroup;
			children = (
				71C00E181EA14D1400CDBCE3 /* Charts.framework */,
				71C00E1A1EA14D1400CDBCE3 /* ChartsTests.xctest */,
			);
			name = Products;
			sourceTree = "<group>";
		};
		D5F2268465483755BCC5E79E /* Pods */ = {
			isa = PBXGroup;
			children = (
				200FFBE83EC6266753E05B12 /* Pods-Spotter.debug.xcconfig */,
				BFF98BFA16AA7B77AC72DDF9 /* Pods-Spotter.release.xcconfig */,
			);
			name = Pods;
			sourceTree = "<group>";
		};
/* End PBXGroup section */

/* Begin PBXNativeTarget section */
		71B487EB1E65C5CD00338836 /* Spotter */ = {
			isa = PBXNativeTarget;
			buildConfigurationList = 71B488011E65C5CF00338836 /* Build configuration list for PBXNativeTarget "Spotter" */;
			buildPhases = (
				A8BD620B25C3A572B6E17596 /* [CP] Check Pods Manifest.lock */,
				71B487E81E65C5CD00338836 /* Sources */,
				71B487E91E65C5CD00338836 /* Frameworks */,
				71B487EA1E65C5CD00338836 /* Resources */,
				71C00E111EA1489E00CDBCE3 /* Embed Frameworks */,
				4FD73B729E2614DBD1D37161 /* [CP] Embed Pods Frameworks */,
				E5A989BD3F29AE3B8CF7CB35 /* [CP] Copy Pods Resources */,
			);
			buildRules = (
			);
			dependencies = (
				71C00E1E1EA14D2C00CDBCE3 /* PBXTargetDependency */,
			);
			name = Spotter;
			productName = Spotter;
			productReference = 71B487EC1E65C5CE00338836 /* Spotter.app */;
			productType = "com.apple.product-type.application";
		};
/* End PBXNativeTarget section */

/* Begin PBXProject section */
		71B487E41E65C5CD00338836 /* Project object */ = {
			isa = PBXProject;
			attributes = {
				LastSwiftUpdateCheck = 0820;
				LastUpgradeCheck = 0820;
				ORGANIZATIONNAME = "Matthew Trahan";
				TargetAttributes = {
					71B487EB1E65C5CD00338836 = {
						CreatedOnToolsVersion = 8.2.1;
						DevelopmentTeam = S9B2ESL755;
						ProvisioningStyle = Automatic;
					};
				};
			};
			buildConfigurationList = 71B487E71E65C5CD00338836 /* Build configuration list for PBXProject "Spotter" */;
			compatibilityVersion = "Xcode 3.2";
			developmentRegion = English;
			hasScannedForEncodings = 0;
			knownRegions = (
				en,
				Base,
			);
			mainGroup = 71B487E31E65C5CD00338836;
			productRefGroup = 71B487ED1E65C5CE00338836 /* Products */;
			projectDirPath = "";
			projectReferences = (
				{
					ProductGroup = 71C00E131EA14D1400CDBCE3 /* Products */;
					ProjectRef = 71C00E121EA14D1400CDBCE3 /* Charts.xcodeproj */;
				},
			);
			projectRoot = "";
			targets = (
				71B487EB1E65C5CD00338836 /* Spotter */,
			);
		};
/* End PBXProject section */

/* Begin PBXReferenceProxy section */
		71C00E181EA14D1400CDBCE3 /* Charts.framework */ = {
			isa = PBXReferenceProxy;
			fileType = wrapper.framework;
			path = Charts.framework;
			remoteRef = 71C00E171EA14D1400CDBCE3 /* PBXContainerItemProxy */;
			sourceTree = BUILT_PRODUCTS_DIR;
		};
		71C00E1A1EA14D1400CDBCE3 /* ChartsTests.xctest */ = {
			isa = PBXReferenceProxy;
			fileType = wrapper.cfbundle;
			path = ChartsTests.xctest;
			remoteRef = 71C00E191EA14D1400CDBCE3 /* PBXContainerItemProxy */;
			sourceTree = BUILT_PRODUCTS_DIR;
		};
/* End PBXReferenceProxy section */

/* Begin PBXResourcesBuildPhase section */
		71B487EA1E65C5CD00338836 /* Resources */ = {
			isa = PBXResourcesBuildPhase;
			buildActionMask = 2147483647;
			files = (
				71B487FD1E65C5CF00338836 /* LaunchScreen.storyboard in Resources */,
				71B487FA1E65C5CF00338836 /* Assets.xcassets in Resources */,
				71B487F51E65C5CF00338836 /* Main.storyboard in Resources */,
			);
			runOnlyForDeploymentPostprocessing = 0;
		};
/* End PBXResourcesBuildPhase section */

/* Begin PBXShellScriptBuildPhase section */
		4FD73B729E2614DBD1D37161 /* [CP] Embed Pods Frameworks */ = {
			isa = PBXShellScriptBuildPhase;
			buildActionMask = 2147483647;
			files = (
			);
			inputPaths = (
			);
			name = "[CP] Embed Pods Frameworks";
			outputPaths = (
			);
			runOnlyForDeploymentPostprocessing = 0;
			shellPath = /bin/sh;
			shellScript = "\"${SRCROOT}/Pods/Target Support Files/Pods-Spotter/Pods-Spotter-frameworks.sh\"\n";
			showEnvVarsInLog = 0;
		};
		A8BD620B25C3A572B6E17596 /* [CP] Check Pods Manifest.lock */ = {
			isa = PBXShellScriptBuildPhase;
			buildActionMask = 2147483647;
			files = (
			);
			inputPaths = (
			);
			name = "[CP] Check Pods Manifest.lock";
			outputPaths = (
			);
			runOnlyForDeploymentPostprocessing = 0;
			shellPath = /bin/sh;
			shellScript = "diff \"${PODS_PODFILE_DIR_PATH}/Podfile.lock\" \"${PODS_ROOT}/Manifest.lock\" > /dev/null\nif [ $? != 0 ] ; then\n    # print error to STDERR\n    echo \"error: The sandbox is not in sync with the Podfile.lock. Run 'pod install' or update your CocoaPods installation.\" >&2\n    exit 1\nfi\n";
			showEnvVarsInLog = 0;
		};
		E5A989BD3F29AE3B8CF7CB35 /* [CP] Copy Pods Resources */ = {
			isa = PBXShellScriptBuildPhase;
			buildActionMask = 2147483647;
			files = (
			);
			inputPaths = (
			);
			name = "[CP] Copy Pods Resources";
			outputPaths = (
			);
			runOnlyForDeploymentPostprocessing = 0;
			shellPath = /bin/sh;
			shellScript = "\"${SRCROOT}/Pods/Target Support Files/Pods-Spotter/Pods-Spotter-resources.sh\"\n";
			showEnvVarsInLog = 0;
		};
/* End PBXShellScriptBuildPhase section */

/* Begin PBXSourcesBuildPhase section */
		71B487E81E65C5CD00338836 /* Sources */ = {
			isa = PBXSourcesBuildPhase;
			buildActionMask = 2147483647;
			files = (
				71B4880B1E6BC64600338836 /* ActivityLevelViewController.swift in Sources */,
				71C00AE51E9D384500CDBCE3 /* Appearance.swift in Sources */,
				7164A51C1E7D79DA0064E73B /* TodaysWorkoutTableVC.swift in Sources */,
				71B4880D1E6BC65700338836 /* MoreAboutYouViewController.swift in Sources */,
				71C00AD81E92D61200CDBCE3 /* ExerciseDetailsViewController.swift in Sources */,
				71C00AE31E9D33CA00CDBCE3 /* Config.swift in Sources */,
				71B488111E6BC66E00338836 /* AccountInformationViewController.swift in Sources */,
				7164A5231E7DC9A80064E73B /* TabBarViewController.swift in Sources */,
				71C00AE11E9D010E00CDBCE3 /* SettingsTableViewController.swift in Sources */,
				71C00AE91E9D437600CDBCE3 /* ExerciseHeaderTableViewCell.swift in Sources */,
				71C00AD61E92CD8A00CDBCE3 /* Exercise.swift in Sources */,
				71B488081E6BC61F00338836 /* UltimateGoalViewController.swift in Sources */,
				718185411EA64156005D1CD6 /* ChartData.swift in Sources */,
				71B488131E6BC67900338836 /* ForgotPasswordViewController.swift in Sources */,
				7149B3BB1EA8D62000A3A2CF /* Category.swift in Sources */,
				71B487F81E65C5CF00338836 /* Spotter.xcdatamodeld in Sources */,
				7164A5201E7D8AC30064E73B /* WorkoutTableViewCell.swift in Sources */,
				71C00E201EA14E3300CDBCE3 /* ChartsViewController.swift in Sources */,
				71B487F01E65C5CF00338836 /* AppDelegate.swift in Sources */,
				71C00B2E1EA1019900CDBCE3 /* ProgressTableViewController.swift in Sources */,
				711753611E785577008A4884 /* LoginViewController.swift in Sources */,
				7164A51E1E7D7A780064E73B /* WorkoutPlans.swift in Sources */,
				71B4880F1E6BC66100338836 /* EvenMoreAboutYouViewController.swift in Sources */,
			);
			runOnlyForDeploymentPostprocessing = 0;
		};
/* End PBXSourcesBuildPhase section */

/* Begin PBXTargetDependency section */
		71C00E1E1EA14D2C00CDBCE3 /* PBXTargetDependency */ = {
			isa = PBXTargetDependency;
			name = Charts;
			targetProxy = 71C00E1D1EA14D2C00CDBCE3 /* PBXContainerItemProxy */;
		};
/* End PBXTargetDependency section */

/* Begin PBXVariantGroup section */
		71B487F31E65C5CF00338836 /* Main.storyboard */ = {
			isa = PBXVariantGroup;
			children = (
				71B487F41E65C5CF00338836 /* Base */,
			);
			name = Main.storyboard;
			sourceTree = "<group>";
		};
		71B487FB1E65C5CF00338836 /* LaunchScreen.storyboard */ = {
			isa = PBXVariantGroup;
			children = (
				71B487FC1E65C5CF00338836 /* Base */,
			);
			name = LaunchScreen.storyboard;
			sourceTree = "<group>";
		};
/* End PBXVariantGroup section */

/* Begin XCBuildConfiguration section */
		71B487FF1E65C5CF00338836 /* Debug */ = {
			isa = XCBuildConfiguration;
			buildSettings = {
				ALWAYS_SEARCH_USER_PATHS = NO;
				CLANG_ANALYZER_NONNULL = YES;
				CLANG_CXX_LANGUAGE_STANDARD = "gnu++0x";
				CLANG_CXX_LIBRARY = "libc++";
				CLANG_ENABLE_MODULES = YES;
				CLANG_ENABLE_OBJC_ARC = YES;
				CLANG_WARN_BOOL_CONVERSION = YES;
				CLANG_WARN_CONSTANT_CONVERSION = YES;
				CLANG_WARN_DIRECT_OBJC_ISA_USAGE = YES_ERROR;
				CLANG_WARN_DOCUMENTATION_COMMENTS = YES;
				CLANG_WARN_EMPTY_BODY = YES;
				CLANG_WARN_ENUM_CONVERSION = YES;
				CLANG_WARN_INFINITE_RECURSION = YES;
				CLANG_WARN_INT_CONVERSION = YES;
				CLANG_WARN_OBJC_ROOT_CLASS = YES_ERROR;
				CLANG_WARN_SUSPICIOUS_MOVE = YES;
				CLANG_WARN_UNREACHABLE_CODE = YES;
				CLANG_WARN__DUPLICATE_METHOD_MATCH = YES;
				"CODE_SIGN_IDENTITY[sdk=iphoneos*]" = "iPhone Developer";
				COPY_PHASE_STRIP = NO;
				DEBUG_INFORMATION_FORMAT = dwarf;
				ENABLE_STRICT_OBJC_MSGSEND = YES;
				ENABLE_TESTABILITY = YES;
				GCC_C_LANGUAGE_STANDARD = gnu99;
				GCC_DYNAMIC_NO_PIC = NO;
				GCC_NO_COMMON_BLOCKS = YES;
				GCC_OPTIMIZATION_LEVEL = 0;
				GCC_PREPROCESSOR_DEFINITIONS = (
					"DEBUG=1",
					"$(inherited)",
				);
				GCC_WARN_64_TO_32_BIT_CONVERSION = YES;
				GCC_WARN_ABOUT_RETURN_TYPE = YES_ERROR;
				GCC_WARN_UNDECLARED_SELECTOR = YES;
				GCC_WARN_UNINITIALIZED_AUTOS = YES_AGGRESSIVE;
				GCC_WARN_UNUSED_FUNCTION = YES;
				GCC_WARN_UNUSED_VARIABLE = YES;
				IPHONEOS_DEPLOYMENT_TARGET = 10.2;
				MTL_ENABLE_DEBUG_INFO = YES;
				ONLY_ACTIVE_ARCH = YES;
				SDKROOT = iphoneos;
				SWIFT_ACTIVE_COMPILATION_CONDITIONS = DEBUG;
				SWIFT_OPTIMIZATION_LEVEL = "-Onone";
			};
			name = Debug;
		};
		71B488001E65C5CF00338836 /* Release */ = {
			isa = XCBuildConfiguration;
			buildSettings = {
				ALWAYS_SEARCH_USER_PATHS = NO;
				CLANG_ANALYZER_NONNULL = YES;
				CLANG_CXX_LANGUAGE_STANDARD = "gnu++0x";
				CLANG_CXX_LIBRARY = "libc++";
				CLANG_ENABLE_MODULES = YES;
				CLANG_ENABLE_OBJC_ARC = YES;
				CLANG_WARN_BOOL_CONVERSION = YES;
				CLANG_WARN_CONSTANT_CONVERSION = YES;
				CLANG_WARN_DIRECT_OBJC_ISA_USAGE = YES_ERROR;
				CLANG_WARN_DOCUMENTATION_COMMENTS = YES;
				CLANG_WARN_EMPTY_BODY = YES;
				CLANG_WARN_ENUM_CONVERSION = YES;
				CLANG_WARN_INFINITE_RECURSION = YES;
				CLANG_WARN_INT_CONVERSION = YES;
				CLANG_WARN_OBJC_ROOT_CLASS = YES_ERROR;
				CLANG_WARN_SUSPICIOUS_MOVE = YES;
				CLANG_WARN_UNREACHABLE_CODE = YES;
				CLANG_WARN__DUPLICATE_METHOD_MATCH = YES;
				"CODE_SIGN_IDENTITY[sdk=iphoneos*]" = "iPhone Developer";
				COPY_PHASE_STRIP = NO;
				DEBUG_INFORMATION_FORMAT = "dwarf-with-dsym";
				ENABLE_NS_ASSERTIONS = NO;
				ENABLE_STRICT_OBJC_MSGSEND = YES;
				GCC_C_LANGUAGE_STANDARD = gnu99;
				GCC_NO_COMMON_BLOCKS = YES;
				GCC_WARN_64_TO_32_BIT_CONVERSION = YES;
				GCC_WARN_ABOUT_RETURN_TYPE = YES_ERROR;
				GCC_WARN_UNDECLARED_SELECTOR = YES;
				GCC_WARN_UNINITIALIZED_AUTOS = YES_AGGRESSIVE;
				GCC_WARN_UNUSED_FUNCTION = YES;
				GCC_WARN_UNUSED_VARIABLE = YES;
				IPHONEOS_DEPLOYMENT_TARGET = 10.2;
				MTL_ENABLE_DEBUG_INFO = NO;
				SDKROOT = iphoneos;
				SWIFT_OPTIMIZATION_LEVEL = "-Owholemodule";
				VALIDATE_PRODUCT = YES;
			};
			name = Release;
		};
		71B488021E65C5CF00338836 /* Debug */ = {
			isa = XCBuildConfiguration;
			baseConfigurationReference = 200FFBE83EC6266753E05B12 /* Pods-Spotter.debug.xcconfig */;
			buildSettings = {
				ALWAYS_EMBED_SWIFT_STANDARD_LIBRARIES = YES;
				ASSETCATALOG_COMPILER_APPICON_NAME = AppIcon;
				DEVELOPMENT_TEAM = S9B2ESL755;
				INFOPLIST_FILE = Spotter/Info.plist;
				LD_RUNPATH_SEARCH_PATHS = "$(inherited) @executable_path/Frameworks";
				PRODUCT_BUNDLE_IDENTIFIER = na.Spotter;
				PRODUCT_NAME = "$(TARGET_NAME)";
				SWIFT_VERSION = 3.0;
			};
			name = Debug;
		};
		71B488031E65C5CF00338836 /* Release */ = {
			isa = XCBuildConfiguration;
			baseConfigurationReference = BFF98BFA16AA7B77AC72DDF9 /* Pods-Spotter.release.xcconfig */;
			buildSettings = {
				ALWAYS_EMBED_SWIFT_STANDARD_LIBRARIES = YES;
				ASSETCATALOG_COMPILER_APPICON_NAME = AppIcon;
				DEVELOPMENT_TEAM = S9B2ESL755;
				INFOPLIST_FILE = Spotter/Info.plist;
				LD_RUNPATH_SEARCH_PATHS = "$(inherited) @executable_path/Frameworks";
				PRODUCT_BUNDLE_IDENTIFIER = na.Spotter;
				PRODUCT_NAME = "$(TARGET_NAME)";
				SWIFT_VERSION = 3.0;
			};
			name = Release;
		};
/* End XCBuildConfiguration section */

/* Begin XCConfigurationList section */
		71B487E71E65C5CD00338836 /* Build configuration list for PBXProject "Spotter" */ = {
			isa = XCConfigurationList;
			buildConfigurations = (
				71B487FF1E65C5CF00338836 /* Debug */,
				71B488001E65C5CF00338836 /* Release */,
			);
			defaultConfigurationIsVisible = 0;
			defaultConfigurationName = Release;
		};
		71B488011E65C5CF00338836 /* Build configuration list for PBXNativeTarget "Spotter" */ = {
			isa = XCConfigurationList;
			buildConfigurations = (
				71B488021E65C5CF00338836 /* Debug */,
				71B488031E65C5CF00338836 /* Release */,
			);
			defaultConfigurationIsVisible = 0;
			defaultConfigurationName = Release;
		};
/* End XCConfigurationList section */

/* Begin XCVersionGroup section */
		71B487F61E65C5CF00338836 /* Spotter.xcdatamodeld */ = {
			isa = XCVersionGroup;
			children = (
				71B487F71E65C5CF00338836 /* Spotter.xcdatamodel */,
			);
			currentVersion = 71B487F71E65C5CF00338836 /* Spotter.xcdatamodel */;
			path = Spotter.xcdatamodeld;
			sourceTree = "<group>";
			versionGroupType = wrapper.xcdatamodel;
		};
/* End XCVersionGroup section */
	};
	rootObject = 71B487E41E65C5CD00338836 /* Project object */;
}
